// !$*UTF8*$!
{
	archiveVersion = 1;
	classes = {
	};
	objectVersion = 50;
	objects = {

/* Begin PBXBuildFile section */
		6877937A26B25E9300251806 /* Todos.xcassets in Resources */ = {isa = PBXBuildFile; fileRef = 6877937926B25E9300251806 /* Todos.xcassets */; };
		6877938826B3D16E00251806 /* Todos.plist in Resources */ = {isa = PBXBuildFile; fileRef = 6877938726B3D16E00251806 /* Todos.plist */; };
		68B33BB3268DC0AC00A39F98 /* AppDelegate.swift in Sources */ = {isa = PBXBuildFile; fileRef = 68B33BB2268DC0AC00A39F98 /* AppDelegate.swift */; };
		68B33BB5268DC0AC00A39F98 /* SceneDelegate.swift in Sources */ = {isa = PBXBuildFile; fileRef = 68B33BB4268DC0AC00A39F98 /* SceneDelegate.swift */; };
		68B33BBA268DC0AC00A39F98 /* Main.storyboard in Resources */ = {isa = PBXBuildFile; fileRef = 68B33BB8268DC0AC00A39F98 /* Main.storyboard */; };
		68B33BBC268DC0AD00A39F98 /* Assets.xcassets in Resources */ = {isa = PBXBuildFile; fileRef = 68B33BBB268DC0AD00A39F98 /* Assets.xcassets */; };
		68B33BBF268DC0AD00A39F98 /* LaunchScreen.storyboard in Resources */ = {isa = PBXBuildFile; fileRef = 68B33BBD268DC0AD00A39F98 /* LaunchScreen.storyboard */; };
		68B33BC9268DC0F600A39F98 /* TodosTableViewController.swift in Sources */ = {isa = PBXBuildFile; fileRef = 68B33BC8268DC0F600A39F98 /* TodosTableViewController.swift */; };
		68B33BCC268DC13300A39F98 /* TodoViewController.swift in Sources */ = {isa = PBXBuildFile; fileRef = 68B33BCB268DC13300A39F98 /* TodoViewController.swift */; };
		68B33BCF268DC51700A39F98 /* Todo.swift in Sources */ = {isa = PBXBuildFile; fileRef = 68B33BCE268DC51700A39F98 /* Todo.swift */; };
/* End PBXBuildFile section */

/* Begin PBXFileReference section */
		6877937926B25E9300251806 /* Todos.xcassets */ = {isa = PBXFileReference; lastKnownFileType = folder.assetcatalog; path = Todos.xcassets; sourceTree = "<group>"; };
		6877938726B3D16E00251806 /* Todos.plist */ = {isa = PBXFileReference; lastKnownFileType = text.plist.xml; path = Todos.plist; sourceTree = "<group>"; };
		68B33BAF268DC0AC00A39F98 /* Todos.app */ = {isa = PBXFileReference; explicitFileType = wrapper.application; includeInIndex = 0; path = Todos.app; sourceTree = BUILT_PRODUCTS_DIR; };
		68B33BB2268DC0AC00A39F98 /* AppDelegate.swift */ = {isa = PBXFileReference; lastKnownFileType = sourcecode.swift; path = AppDelegate.swift; sourceTree = "<group>"; };
		68B33BB4268DC0AC00A39F98 /* SceneDelegate.swift */ = {isa = PBXFileReference; lastKnownFileType = sourcecode.swift; path = SceneDelegate.swift; sourceTree = "<group>"; };
		68B33BB9268DC0AC00A39F98 /* Base */ = {isa = PBXFileReference; lastKnownFileType = file.storyboard; name = Base; path = Base.lproj/Main.storyboard; sourceTree = "<group>"; };
		68B33BBB268DC0AD00A39F98 /* Assets.xcassets */ = {isa = PBXFileReference; lastKnownFileType = folder.assetcatalog; path = Assets.xcassets; sourceTree = "<group>"; };
		68B33BBE268DC0AD00A39F98 /* Base */ = {isa = PBXFileReference; lastKnownFileType = file.storyboard; name = Base; path = Base.lproj/LaunchScreen.storyboard; sourceTree = "<group>"; };
		68B33BC0268DC0AD00A39F98 /* Info.plist */ = {isa = PBXFileReference; lastKnownFileType = text.plist.xml; path = Info.plist; sourceTree = "<group>"; };
		68B33BC8268DC0F600A39F98 /* TodosTableViewController.swift */ = {isa = PBXFileReference; lastKnownFileType = sourcecode.swift; path = TodosTableViewController.swift; sourceTree = "<group>"; };
		68B33BCB268DC13300A39F98 /* TodoViewController.swift */ = {isa = PBXFileReference; lastKnownFileType = sourcecode.swift; path = TodoViewController.swift; sourceTree = "<group>"; };
		68B33BCE268DC51700A39F98 /* Todo.swift */ = {isa = PBXFileReference; lastKnownFileType = sourcecode.swift; path = Todo.swift; sourceTree = "<group>"; };
/* End PBXFileReference section */

/* Begin PBXFrameworksBuildPhase section */
		68B33BAC268DC0AC00A39F98 /* Frameworks */ = {
			isa = PBXFrameworksBuildPhase;
			buildActionMask = 2147483647;
			files = (
			);
			runOnlyForDeploymentPostprocessing = 0;
		};
/* End PBXFrameworksBuildPhase section */

/* Begin PBXGroup section */
		68B33BA6268DC0AC00A39F98 = {
			isa = PBXGroup;
			children = (
				68B33BB1268DC0AC00A39F98 /* Todos */,
				68B33BB0268DC0AC00A39F98 /* Products */,
			);
			sourceTree = "<group>";
		};
		68B33BB0268DC0AC00A39F98 /* Products */ = {
			isa = PBXGroup;
			children = (
				68B33BAF268DC0AC00A39F98 /* Todos.app */,
			);
			name = Products;
			sourceTree = "<group>";
		};
		68B33BB1268DC0AC00A39F98 /* Todos */ = {
			isa = PBXGroup;
			children = (
				68B33BB2268DC0AC00A39F98 /* AppDelegate.swift */,
				68B33BB4268DC0AC00A39F98 /* SceneDelegate.swift */,
				68B33BB8268DC0AC00A39F98 /* Main.storyboard */,
				68B33BCE268DC51700A39F98 /* Todo.swift */,
				68B33BC8268DC0F600A39F98 /* TodosTableViewController.swift */,
				68B33BCB268DC13300A39F98 /* TodoViewController.swift */,
				68B33BBB268DC0AD00A39F98 /* Assets.xcassets */,
				68B33BBD268DC0AD00A39F98 /* LaunchScreen.storyboard */,
				68B33BC0268DC0AD00A39F98 /* Info.plist */,
				6877937926B25E9300251806 /* Todos.xcassets */,
				6877938726B3D16E00251806 /* Todos.plist */,
			);
			path = Todos;
			sourceTree = "<group>";
		};
/* End PBXGroup section */

/* Begin PBXNativeTarget section */
		68B33BAE268DC0AC00A39F98 /* Todos */ = {
			isa = PBXNativeTarget;
			buildConfigurationList = 68B33BC3268DC0AD00A39F98 /* Build configuration list for PBXNativeTarget "Todos" */;
			buildPhases = (
				68B33BAB268DC0AC00A39F98 /* Sources */,
				68B33BAC268DC0AC00A39F98 /* Frameworks */,
				68B33BAD268DC0AC00A39F98 /* Resources */,
			);
			buildRules = (
			);
			dependencies = (
			);
			name = Todos;
			productName = Todos;
			productReference = 68B33BAF268DC0AC00A39F98 /* Todos.app */;
			productType = "com.apple.product-type.application";
		};
/* End PBXNativeTarget section */

/* Begin PBXProject section */
		68B33BA7268DC0AC00A39F98 /* Project object */ = {
			isa = PBXProject;
			attributes = {
				LastSwiftUpdateCheck = 1200;
				LastUpgradeCheck = 1200;
				TargetAttributes = {
					68B33BAE268DC0AC00A39F98 = {
						CreatedOnToolsVersion = 12.0;
					};
				};
			};
			buildConfigurationList = 68B33BAA268DC0AC00A39F98 /* Build configuration list for PBXProject "Todos" */;
			compatibilityVersion = "Xcode 9.3";
			developmentRegion = en;
			hasScannedForEncodings = 0;
			knownRegions = (
				en,
				Base,
			);
			mainGroup = 68B33BA6268DC0AC00A39F98;
			productRefGroup = 68B33BB0268DC0AC00A39F98 /* Products */;
			projectDirPath = "";
			projectRoot = "";
			targets = (
				68B33BAE268DC0AC00A39F98 /* Todos */,
			);
		};
/* End PBXProject section */

/* Begin PBXResourcesBuildPhase section */
		68B33BAD268DC0AC00A39F98 /* Resources */ = {
			isa = PBXResourcesBuildPhase;
			buildActionMask = 2147483647;
			files = (
				68B33BBF268DC0AD00A39F98 /* LaunchScreen.storyboard in Resources */,
				68B33BBC268DC0AD00A39F98 /* Assets.xcassets in Resources */,
				68B33BBA268DC0AC00A39F98 /* Main.storyboard in Resources */,
				6877938826B3D16E00251806 /* Todos.plist in Resources */,
				6877937A26B25E9300251806 /* Todos.xcassets in Resources */,
			);
			runOnlyForDeploymentPostprocessing = 0;
		};
/* End PBXResourcesBuildPhase section */

/* Begin PBXSourcesBuildPhase section */
		68B33BAB268DC0AC00A39F98 /* Sources */ = {
			isa = PBXSourcesBuildPhase;
			buildActionMask = 2147483647;
			files = (
				68B33BCC268DC13300A39F98 /* TodoViewController.swift in Sources */,
				68B33BB3268DC0AC00A39F98 /* AppDelegate.swift in Sources */,
				68B33BB5268DC0AC00A39F98 /* SceneDelegate.swift in Sources */,
				68B33BC9268DC0F600A39F98 /* TodosTableViewController.swift in Sources */,
				68B33BCF268DC51700A39F98 /* Todo.swift in Sources */,
			);
			runOnlyForDeploymentPostprocessing = 0;
		};
/* End PBXSourcesBuildPhase section */

/* Begin PBXVariantGroup section */
		68B33BB8268DC0AC00A39F98 /* Main.storyboard */ = {
			isa = PBXVariantGroup;
			children = (
				68B33BB9268DC0AC00A39F98 /* Base */,
			);
			name = Main.storyboard;
			sourceTree = "<group>";
		};
		68B33BBD268DC0AD00A39F98 /* LaunchScreen.storyboard */ = {
			isa = PBXVariantGroup;
			children = (
				68B33BBE268DC0AD00A39F98 /* Base */,
			);
			name = LaunchScreen.storyboard;
			sourceTree = "<group>";
		};
/* End PBXVariantGroup section */

/* Begin XCBuildConfiguration section */
		68B33BC1268DC0AD00A39F98 /* Debug */ = {
			isa = XCBuildConfiguration;
			buildSettings = {
				ALWAYS_SEARCH_USER_PATHS = NO;
				CLANG_ANALYZER_NONNULL = YES;
				CLANG_ANALYZER_NUMBER_OBJECT_CONVERSION = YES_AGGRESSIVE;
				CLANG_CXX_LANGUAGE_STANDARD = "gnu++14";
				CLANG_CXX_LIBRARY = "libc++";
				CLANG_ENABLE_MODULES = YES;
				CLANG_ENABLE_OBJC_ARC = YES;
				CLANG_ENABLE_OBJC_WEAK = YES;
				CLANG_WARN_BLOCK_CAPTURE_AUTORELEASING = YES;
				CLANG_WARN_BOOL_CONVERSION = YES;
				CLANG_WARN_COMMA = YES;
				CLANG_WARN_CONSTANT_CONVERSION = YES;
				CLANG_WARN_DEPRECATED_OBJC_IMPLEMENTATIONS = YES;
				CLANG_WARN_DIRECT_OBJC_ISA_USAGE = YES_ERROR;
				CLANG_WARN_DOCUMENTATION_COMMENTS = YES;
				CLANG_WARN_EMPTY_BODY = YES;
				CLANG_WARN_ENUM_CONVERSION = YES;
				CLANG_WARN_INFINITE_RECURSION = YES;
				CLANG_WARN_INT_CONVERSION = YES;
				CLANG_WARN_NON_LITERAL_NULL_CONVERSION = YES;
				CLANG_WARN_OBJC_IMPLICIT_RETAIN_SELF = YES;
				CLANG_WARN_OBJC_LITERAL_CONVERSION = YES;
				CLANG_WARN_OBJC_ROOT_CLASS = YES_ERROR;
				CLANG_WARN_QUOTED_INCLUDE_IN_FRAMEWORK_HEADER = YES;
				CLANG_WARN_RANGE_LOOP_ANALYSIS = YES;
				CLANG_WARN_STRICT_PROTOTYPES = YES;
				CLANG_WARN_SUSPICIOUS_MOVE = YES;
				CLANG_WARN_UNGUARDED_AVAILABILITY = YES_AGGRESSIVE;
				CLANG_WARN_UNREACHABLE_CODE = YES;
				CLANG_WARN__DUPLICATE_METHOD_MATCH = YES;
				COPY_PHASE_STRIP = NO;
				DEBUG_INFORMATION_FORMAT = dwarf;
				ENABLE_STRICT_OBJC_MSGSEND = YES;
				ENABLE_TESTABILITY = YES;
				GCC_C_LANGUAGE_STANDARD = gnu11;
				GCC_DYNAMIC_NO_PIC = NO;
				GCC_NO_COMMON_BLOCKS = YES;
				GCC_OPTIMIZATION_LEVEL = 0;
				GCC_PREPROCESSOR_DEFINITIONS = (
					"DEBUG=1",
					"$(inherited)",
				);
				GCC_WARN_64_TO_32_BIT_CONVERSION = YES;
				GCC_WARN_ABOUT_RETURN_TYPE = YES_ERROR;
				GCC_WARN_UNDECLARED_SELECTOR = YES;
				GCC_WARN_UNINITIALIZED_AUTOS = YES_AGGRESSIVE;
				GCC_WARN_UNUSED_FUNCTION = YES;
				GCC_WARN_UNUSED_VARIABLE = YES;
				IPHONEOS_DEPLOYMENT_TARGET = 14.0;
				MTL_ENABLE_DEBUG_INFO = INCLUDE_SOURCE;
				MTL_FAST_MATH = YES;
				ONLY_ACTIVE_ARCH = YES;
				SDKROOT = iphoneos;
				SWIFT_ACTIVE_COMPILATION_CONDITIONS = DEBUG;
				SWIFT_OPTIMIZATION_LEVEL = "-Onone";
			};
			name = Debug;
		};
		68B33BC2268DC0AD00A39F98 /* Release */ = {
			isa = XCBuildConfiguration;
			buildSettings = {
				ALWAYS_SEARCH_USER_PATHS = NO;
				CLANG_ANALYZER_NONNULL = YES;
				CLANG_ANALYZER_NUMBER_OBJECT_CONVERSION = YES_AGGRESSIVE;
				CLANG_CXX_LANGUAGE_STANDARD = "gnu++14";
				CLANG_CXX_LIBRARY = "libc++";
				CLANG_ENABLE_MODULES = YES;
				CLANG_ENABLE_OBJC_ARC = YES;
				CLANG_ENABLE_OBJC_WEAK = YES;
				CLANG_WARN_BLOCK_CAPTURE_AUTORELEASING = YES;
				CLANG_WARN_BOOL_CONVERSION = YES;
				CLANG_WARN_COMMA = YES;
				CLANG_WARN_CONSTANT_CONVERSION = YES;
				CLANG_WARN_DEPRECATED_OBJC_IMPLEMENTATIONS = YES;
				CLANG_WARN_DIRECT_OBJC_ISA_USAGE = YES_ERROR;
				CLANG_WARN_DOCUMENTATION_COMMENTS = YES;
				CLANG_WARN_EMPTY_BODY = YES;
				CLANG_WARN_ENUM_CONVERSION = YES;
				CLANG_WARN_INFINITE_RECURSION = YES;
				CLANG_WARN_INT_CONVERSION = YES;
				CLANG_WARN_NON_LITERAL_NULL_CONVERSION = YES;
				CLANG_WARN_OBJC_IMPLICIT_RETAIN_SELF = YES;
				CLANG_WARN_OBJC_LITERAL_CONVERSION = YES;
				CLANG_WARN_OBJC_ROOT_CLASS = YES_ERROR;
				CLANG_WARN_QUOTED_INCLUDE_IN_FRAMEWORK_HEADER = YES;
				CLANG_WARN_RANGE_LOOP_ANALYSIS = YES;
				CLANG_WARN_STRICT_PROTOTYPES = YES;
				CLANG_WARN_SUSPICIOUS_MOVE = YES;
				CLANG_WARN_UNGUARDED_AVAILABILITY = YES_AGGRESSIVE;
				CLANG_WARN_UNREACHABLE_CODE = YES;
				CLANG_WARN__DUPLICATE_METHOD_MATCH = YES;
				COPY_PHASE_STRIP = NO;
				DEBUG_INFORMATION_FORMAT = "dwarf-with-dsym";
				ENABLE_NS_ASSERTIONS = NO;
				ENABLE_STRICT_OBJC_MSGSEND = YES;
				GCC_C_LANGUAGE_STANDARD = gnu11;
				GCC_NO_COMMON_BLOCKS = YES;
				GCC_WARN_64_TO_32_BIT_CONVERSION = YES;
				GCC_WARN_ABOUT_RETURN_TYPE = YES_ERROR;
				GCC_WARN_UNDECLARED_SELECTOR = YES;
				GCC_WARN_UNINITIALIZED_AUTOS = YES_AGGRESSIVE;
				GCC_WARN_UNUSED_FUNCTION = YES;
				GCC_WARN_UNUSED_VARIABLE = YES;
				IPHONEOS_DEPLOYMENT_TARGET = 14.0;
				MTL_ENABLE_DEBUG_INFO = NO;
				MTL_FAST_MATH = YES;
				SDKROOT = iphoneos;
				SWIFT_COMPILATION_MODE = wholemodule;
				SWIFT_OPTIMIZATION_LEVEL = "-O";
				VALIDATE_PRODUCT = YES;
			};
			name = Release;
		};
		68B33BC4268DC0AD00A39F98 /* Debug */ = {
			isa = XCBuildConfiguration;
			buildSettings = {
				ASSETCATALOG_COMPILER_APPICON_NAME = AppIcon;
				ASSETCATALOG_COMPILER_GLOBAL_ACCENT_COLOR_NAME = AccentColor;
				CODE_SIGN_STYLE = Automatic;
				INFOPLIST_FILE = Todos/Info.plist;
				LD_RUNPATH_SEARCH_PATHS = (
					"$(inherited)",
					"@executable_path/Frameworks",
				);
				PRODUCT_BUNDLE_IDENTIFIER = net.namgi.Todos;
				PRODUCT_NAME = "$(TARGET_NAME)";
				SWIFT_VERSION = 5.0;
				TARGETED_DEVICE_FAMILY = "1,2";
			};
			name = Debug;
		};
		68B33BC5268DC0AD00A39F98 /* Release */ = {
			isa = XCBuildConfiguration;
			buildSettings = {
				ASSETCATALOG_COMPILER_APPICON_NAME = AppIcon;
				ASSETCATALOG_COMPILER_GLOBAL_ACCENT_COLOR_NAME = AccentColor;
				CODE_SIGN_STYLE = Automatic;
				INFOPLIST_FILE = Todos/Info.plist;
				LD_RUNPATH_SEARCH_PATHS = (
					"$(inherited)",
					"@executable_path/Frameworks",
				);
				PRODUCT_BUNDLE_IDENTIFIER = net.namgi.Todos;
				PRODUCT_NAME = "$(TARGET_NAME)";
				SWIFT_VERSION = 5.0;
				TARGETED_DEVICE_FAMILY = "1,2";
			};
			name = Release;
		};
/* End XCBuildConfiguration section */

/* Begin XCConfigurationList section */
		68B33BAA268DC0AC00A39F98 /* Build configuration list for PBXProject "Todos" */ = {
			isa = XCConfigurationList;
			buildConfigurations = (
				68B33BC1268DC0AD00A39F98 /* Debug */,
				68B33BC2268DC0AD00A39F98 /* Release */,
			);
			defaultConfigurationIsVisible = 0;
			defaultConfigurationName = Release;
		};
		68B33BC3268DC0AD00A39F98 /* Build configuration list for PBXNativeTarget "Todos" */ = {
			isa = XCConfigurationList;
			buildConfigurations = (
				68B33BC4268DC0AD00A39F98 /* Debug */,
				68B33BC5268DC0AD00A39F98 /* Release */,
			);
			defaultConfigurationIsVisible = 0;
			defaultConfigurationName = Release;
		};
/* End XCConfigurationList section */
	};
	rootObject = 68B33BA7268DC0AC00A39F98 /* Project object */;
}
